Microsoft Visual Studio Solution File, Format Version 12.00
# Visual Studio Version 17
VisualStudioVersion = 17.5.2.0
MinimumVisualStudioVersion = 10.0.40219.1
Project("{FAE04EC0-301F-11D3-BF4B-00C04F79EFBC}") = "ExerciciosFixacao_Classes", "ExerciciosFixacao_Classes.csproj", "{EF937126-FCD1-E893-BAFF-0B0C2347AC1F}"
EndProject
Global
	GlobalSection(SolutionConfigurationPlatforms) = preSolution
		Debug|Any CPU = Debug|Any CPU
		Release|Any CPU = Release|Any CPU
	EndGlobalSection
	GlobalSection(ProjectConfigurationPlatforms) = postSolution
		{EF937126-FCD1-E893-BAFF-0B0C2347AC1F}.Debug|Any CPU.ActiveCfg = Debug|Any CPU
		{EF937126-FCD1-E893-BAFF-0B0C2347AC1F}.Debug|Any CPU.Build.0 = Debug|Any CPU
		{EF937126-FCD1-E893-BAFF-0B0C2347AC1F}.Release|Any CPU.ActiveCfg = Release|Any CPU
		{EF937126-FCD1-E893-BAFF-0B0C2347AC1F}.Release|Any CPU.Build.0 = Release|Any CPU
	EndGlobalSection
	GlobalSection(SolutionProperties) = preSolution
		HideSolutionNode = FALSE
	EndGlobalSection
	GlobalSection(ExtensibilityGlobals) = postSolution
		SolutionGuid = {F70BE500-96FD-4E92-B91A-322A88D1D37D}
	EndGlobalSection
EndGlobal
