
Microsoft Visual Studio Solution File, Format Version 12.00
# Visual Studio Version 17
VisualStudioVersion = 17.14.36908.2
MinimumVisualStudioVersion = 10.0.40219.1
Project("{FAE04EC0-301F-11D3-BF4B-00C04F79EFBC}") = "Beecrowd", "Beecrowd\Beecrowd.csproj", "{CF12E050-1D3C-4DCE-A9CC-04702A548814}"
EndProject
Project("{FAE04EC0-301F-11D3-BF4B-00C04F79EFBC}") = "CursoUdemy", "CursoUdemy\CursoUdemy.csproj", "{2185E348-3849-4BE4-A24A-18E45FC7A127}"
EndProject
Global
	GlobalSection(SolutionConfigurationPlatforms) = preSolution
		Debug|Any CPU = Debug|Any CPU
		Release|Any CPU = Release|Any CPU
	EndGlobalSection
	GlobalSection(ProjectConfigurationPlatforms) = postSolution
		{CF12E050-1D3C-4DCE-A9CC-04702A548814}.Debug|Any CPU.ActiveCfg = Debug|Any CPU
		{CF12E050-1D3C-4DCE-A9CC-04702A548814}.Debug|Any CPU.Build.0 = Debug|Any CPU
		{CF12E050-1D3C-4DCE-A9CC-04702A548814}.Release|Any CPU.ActiveCfg = Release|Any CPU
		{CF12E050-1D3C-4DCE-A9CC-04702A548814}.Release|Any CPU.Build.0 = Release|Any CPU
		{2185E348-3849-4BE4-A24A-18E45FC7A127}.Debug|Any CPU.ActiveCfg = Debug|Any CPU
		{2185E348-3849-4BE4-A24A-18E45FC7A127}.Debug|Any CPU.Build.0 = Debug|Any CPU
		{2185E348-3849-4BE4-A24A-18E45FC7A127}.Release|Any CPU.ActiveCfg = Release|Any CPU
		{2185E348-3849-4BE4-A24A-18E45FC7A127}.Release|Any CPU.Build.0 = Release|Any CPU
	EndGlobalSection
	GlobalSection(SolutionProperties) = preSolution
		HideSolutionNode = FALSE
	EndGlobalSection
	GlobalSection(ExtensibilityGlobals) = postSolution
		SolutionGuid = {AE5282DB-E141-4D9F-89B8-60808232D6E5}
	EndGlobalSection
EndGlobal
