
Microsoft Visual Studio Solution File, Format Version 12.00
# Visual Studio Version 18
VisualStudioVersion = 18.4.11612.150 stable
MinimumVisualStudioVersion = 10.0.40219.1
Project("{2150E333-8FDC-42A3-9474-1A3956D46DE8}") = "Beecrowd", "Beecrowd", "{D697459D-7A66-425E-AB2E-E05AD523AE4E}"
EndProject
Project("{2150E333-8FDC-42A3-9474-1A3956D46DE8}") = "Udemy", "Udemy", "{87756CE5-97B8-4505-BC0A-E3AC1E85172F}"
EndProject
Project("{2150E333-8FDC-42A3-9474-1A3956D46DE8}") = "Iniciante", "Iniciante", "{D2CD3807-DE3F-4883-B547-B0CB0BF7F3CC}"
EndProject
Project("{FAE04EC0-301F-11D3-BF4B-00C04F79EFBC}") = "I1118", "Beecrowd\Iniciante\I1118\I1118.csproj", "{B28633E7-4E70-4237-BD03-685777D1820A}"
EndProject
Project("{FAE04EC0-301F-11D3-BF4B-00C04F79EFBC}") = "I1131", "Beecrowd\Iniciante\I1131\I1131.csproj", "{19C327AB-E656-4948-B14B-11E76930B13A}"
EndProject
Project("{FAE04EC0-301F-11D3-BF4B-00C04F79EFBC}") = "I1132", "Beecrowd\Iniciante\I1132\I1132.csproj", "{961148D5-80CC-41A6-A567-A6B356C8B744}"
EndProject
Project("{FAE04EC0-301F-11D3-BF4B-00C04F79EFBC}") = "I1133", "Beecrowd\Iniciante\I1133\I1133.csproj", "{F399C17E-EC56-456B-8EC9-BFC521809FA0}"
EndProject
Project("{FAE04EC0-301F-11D3-BF4B-00C04F79EFBC}") = "I1134", "Beecrowd\Iniciante\I1134\I1134.csproj", "{5534E251-41C7-4747-9EF5-7AD6B96207BE}"
EndProject
Project("{FAE04EC0-301F-11D3-BF4B-00C04F79EFBC}") = "I1142", "Beecrowd\Iniciante\I1142\I1142.csproj", "{1A12F23B-58C3-4C9B-83E4-7725BC2E340F}"
EndProject
Project("{FAE04EC0-301F-11D3-BF4B-00C04F79EFBC}") = "I1143", "Beecrowd\Iniciante\I1143\I1143.csproj", "{023466BD-D122-4502-AEE7-85D616EF6BA6}"
EndProject
Project("{FAE04EC0-301F-11D3-BF4B-00C04F79EFBC}") = "I1144", "Beecrowd\Iniciante\I1144\I1144.csproj", "{0F4377E2-919F-409A-A8AC-E2B3E8A1102A}"
EndProject
Project("{FAE04EC0-301F-11D3-BF4B-00C04F79EFBC}") = "I1145", "Beecrowd\Iniciante\I1145\I1145.csproj", "{1700F6F7-ECB5-4F23-BACF-8DEE33B279C5}"
EndProject
Project("{FAE04EC0-301F-11D3-BF4B-00C04F79EFBC}") = "I1146", "Beecrowd\Iniciante\I1146\I1146.csproj", "{212EF1BD-7987-43A9-AD2D-3D6D4786174C}"
EndProject
Project("{FAE04EC0-301F-11D3-BF4B-00C04F79EFBC}") = "I1149", "Beecrowd\Iniciante\I1149\I1149.csproj", "{63BF5B48-65F4-4926-83A6-88B5E8E7180E}"
EndProject
Project("{FAE04EC0-301F-11D3-BF4B-00C04F79EFBC}") = "ExerciciosExtrasClasses", "CursoUdemy\ExerciciosExtrasClasses\ExerciciosExtrasClasses.csproj", "{3E96F75C-CA23-45A1-8848-05451A7E6A0A}"
EndProject
Project("{FAE04EC0-301F-11D3-BF4B-00C04F79EFBC}") = "ExerciciosFixacaoClasses", "CursoUdemy\ExerciciosFixacaoClasses\ExerciciosFixacaoClasses.csproj", "{BDA37413-6D1E-4966-99C9-E7AFAFF44094}"
EndProject
Project("{FAE04EC0-301F-11D3-BF4B-00C04F79EFBC}") = "FixacaoConstrutores", "CursoUdemy\FixacaoConstrutores\FixacaoConstrutores.csproj", "{E0DE7AA9-5CF9-4B4B-A9EE-624EE646C707}"
EndProject
Project("{FAE04EC0-301F-11D3-BF4B-00C04F79EFBC}") = "FixacaoMatrizes", "CursoUdemy\FixacaoMatrizes\FixacaoMatrizes.csproj", "{0A58D1FE-7807-4DDC-A5EA-942632B79333}"
EndProject
Project("{FAE04EC0-301F-11D3-BF4B-00C04F79EFBC}") = "FixacaoVetores", "CursoUdemy\FixacaoVetores\FixacaoVetores.csproj", "{A4586908-AC70-4A54-93FD-169DD3CE17F4}"
EndProject
Project("{FAE04EC0-301F-11D3-BF4B-00C04F79EFBC}") = "Lista2", "CursoUdemy\Lista2\Lista2.csproj", "{6713C172-667B-4C9D-BF8A-1C56FD7868DB}"
EndProject
Project("{FAE04EC0-301F-11D3-BF4B-00C04F79EFBC}") = "Lista3_While", "CursoUdemy\Lista3_While\Lista3_While.csproj", "{B2E4EBE0-7E1E-4BF8-B3B4-C8481136E574}"
EndProject
Project("{FAE04EC0-301F-11D3-BF4B-00C04F79EFBC}") = "Lista4_For", "CursoUdemy\Lista4_For\Lista4_For.csproj", "{950B28F3-3BD7-4116-81DD-F19CC1DAE867}"
EndProject
Project("{FAE04EC0-301F-11D3-BF4B-00C04F79EFBC}") = "Lista5_Classes", "CursoUdemy\Lista5_Classes\Lista5_Classes.csproj", "{29730C88-351A-4EA6-8724-B5ED5F153432}"
EndProject
Global
	GlobalSection(SolutionConfigurationPlatforms) = preSolution
		Debug|Any CPU = Debug|Any CPU
		Release|Any CPU = Release|Any CPU
	EndGlobalSection
	GlobalSection(ProjectConfigurationPlatforms) = postSolution
		{B28633E7-4E70-4237-BD03-685777D1820A}.Debug|Any CPU.ActiveCfg = Debug|Any CPU
		{B28633E7-4E70-4237-BD03-685777D1820A}.Debug|Any CPU.Build.0 = Debug|Any CPU
		{B28633E7-4E70-4237-BD03-685777D1820A}.Release|Any CPU.ActiveCfg = Release|Any CPU
		{B28633E7-4E70-4237-BD03-685777D1820A}.Release|Any CPU.Build.0 = Release|Any CPU
		{19C327AB-E656-4948-B14B-11E76930B13A}.Debug|Any CPU.ActiveCfg = Debug|Any CPU
		{19C327AB-E656-4948-B14B-11E76930B13A}.Debug|Any CPU.Build.0 = Debug|Any CPU
		{19C327AB-E656-4948-B14B-11E76930B13A}.Release|Any CPU.ActiveCfg = Release|Any CPU
		{19C327AB-E656-4948-B14B-11E76930B13A}.Release|Any CPU.Build.0 = Release|Any CPU
		{961148D5-80CC-41A6-A567-A6B356C8B744}.Debug|Any CPU.ActiveCfg = Debug|Any CPU
		{961148D5-80CC-41A6-A567-A6B356C8B744}.Debug|Any CPU.Build.0 = Debug|Any CPU
		{961148D5-80CC-41A6-A567-A6B356C8B744}.Release|Any CPU.ActiveCfg = Release|Any CPU
		{961148D5-80CC-41A6-A567-A6B356C8B744}.Release|Any CPU.Build.0 = Release|Any CPU
		{F399C17E-EC56-456B-8EC9-BFC521809FA0}.Debug|Any CPU.ActiveCfg = Debug|Any CPU
		{F399C17E-EC56-456B-8EC9-BFC521809FA0}.Debug|Any CPU.Build.0 = Debug|Any CPU
		{F399C17E-EC56-456B-8EC9-BFC521809FA0}.Release|Any CPU.ActiveCfg = Release|Any CPU
		{F399C17E-EC56-456B-8EC9-BFC521809FA0}.Release|Any CPU.Build.0 = Release|Any CPU
		{5534E251-41C7-4747-9EF5-7AD6B96207BE}.Debug|Any CPU.ActiveCfg = Debug|Any CPU
		{5534E251-41C7-4747-9EF5-7AD6B96207BE}.Debug|Any CPU.Build.0 = Debug|Any CPU
		{5534E251-41C7-4747-9EF5-7AD6B96207BE}.Release|Any CPU.ActiveCfg = Release|Any CPU
		{5534E251-41C7-4747-9EF5-7AD6B96207BE}.Release|Any CPU.Build.0 = Release|Any CPU
		{1A12F23B-58C3-4C9B-83E4-7725BC2E340F}.Debug|Any CPU.ActiveCfg = Debug|Any CPU
		{1A12F23B-58C3-4C9B-83E4-7725BC2E340F}.Debug|Any CPU.Build.0 = Debug|Any CPU
		{1A12F23B-58C3-4C9B-83E4-7725BC2E340F}.Release|Any CPU.ActiveCfg = Release|Any CPU
		{1A12F23B-58C3-4C9B-83E4-7725BC2E340F}.Release|Any CPU.Build.0 = Release|Any CPU
		{023466BD-D122-4502-AEE7-85D616EF6BA6}.Debug|Any CPU.ActiveCfg = Debug|Any CPU
		{023466BD-D122-4502-AEE7-85D616EF6BA6}.Debug|Any CPU.Build.0 = Debug|Any CPU
		{023466BD-D122-4502-AEE7-85D616EF6BA6}.Release|Any CPU.ActiveCfg = Release|Any CPU
		{023466BD-D122-4502-AEE7-85D616EF6BA6}.Release|Any CPU.Build.0 = Release|Any CPU
		{0F4377E2-919F-409A-A8AC-E2B3E8A1102A}.Debug|Any CPU.ActiveCfg = Debug|Any CPU
		{0F4377E2-919F-409A-A8AC-E2B3E8A1102A}.Debug|Any CPU.Build.0 = Debug|Any CPU
		{0F4377E2-919F-409A-A8AC-E2B3E8A1102A}.Release|Any CPU.ActiveCfg = Release|Any CPU
		{0F4377E2-919F-409A-A8AC-E2B3E8A1102A}.Release|Any CPU.Build.0 = Release|Any CPU
		{1700F6F7-ECB5-4F23-BACF-8DEE33B279C5}.Debug|Any CPU.ActiveCfg = Debug|Any CPU
		{1700F6F7-ECB5-4F23-BACF-8DEE33B279C5}.Debug|Any CPU.Build.0 = Debug|Any CPU
		{1700F6F7-ECB5-4F23-BACF-8DEE33B279C5}.Release|Any CPU.ActiveCfg = Release|Any CPU
		{1700F6F7-ECB5-4F23-BACF-8DEE33B279C5}.Release|Any CPU.Build.0 = Release|Any CPU
		{212EF1BD-7987-43A9-AD2D-3D6D4786174C}.Debug|Any CPU.ActiveCfg = Debug|Any CPU
		{212EF1BD-7987-43A9-AD2D-3D6D4786174C}.Debug|Any CPU.Build.0 = Debug|Any CPU
		{212EF1BD-7987-43A9-AD2D-3D6D4786174C}.Release|Any CPU.ActiveCfg = Release|Any CPU
		{212EF1BD-7987-43A9-AD2D-3D6D4786174C}.Release|Any CPU.Build.0 = Release|Any CPU
		{63BF5B48-65F4-4926-83A6-88B5E8E7180E}.Debug|Any CPU.ActiveCfg = Debug|Any CPU
		{63BF5B48-65F4-4926-83A6-88B5E8E7180E}.Debug|Any CPU.Build.0 = Debug|Any CPU
		{63BF5B48-65F4-4926-83A6-88B5E8E7180E}.Release|Any CPU.ActiveCfg = Release|Any CPU
		{63BF5B48-65F4-4926-83A6-88B5E8E7180E}.Release|Any CPU.Build.0 = Release|Any CPU
		{3E96F75C-CA23-45A1-8848-05451A7E6A0A}.Debug|Any CPU.ActiveCfg = Debug|Any CPU
		{3E96F75C-CA23-45A1-8848-05451A7E6A0A}.Debug|Any CPU.Build.0 = Debug|Any CPU
		{3E96F75C-CA23-45A1-8848-05451A7E6A0A}.Release|Any CPU.ActiveCfg = Release|Any CPU
		{3E96F75C-CA23-45A1-8848-05451A7E6A0A}.Release|Any CPU.Build.0 = Release|Any CPU
		{BDA37413-6D1E-4966-99C9-E7AFAFF44094}.Debug|Any CPU.ActiveCfg = Debug|Any CPU
		{BDA37413-6D1E-4966-99C9-E7AFAFF44094}.Debug|Any CPU.Build.0 = Debug|Any CPU
		{BDA37413-6D1E-4966-99C9-E7AFAFF44094}.Release|Any CPU.ActiveCfg = Release|Any CPU
		{BDA37413-6D1E-4966-99C9-E7AFAFF44094}.Release|Any CPU.Build.0 = Release|Any CPU
		{E0DE7AA9-5CF9-4B4B-A9EE-624EE646C707}.Debug|Any CPU.ActiveCfg = Debug|Any CPU
		{E0DE7AA9-5CF9-4B4B-A9EE-624EE646C707}.Debug|Any CPU.Build.0 = Debug|Any CPU
		{E0DE7AA9-5CF9-4B4B-A9EE-624EE646C707}.Release|Any CPU.ActiveCfg = Release|Any CPU
		{E0DE7AA9-5CF9-4B4B-A9EE-624EE646C707}.Release|Any CPU.Build.0 = Release|Any CPU
		{0A58D1FE-7807-4DDC-A5EA-942632B79333}.Debug|Any CPU.ActiveCfg = Debug|Any CPU
		{0A58D1FE-7807-4DDC-A5EA-942632B79333}.Debug|Any CPU.Build.0 = Debug|Any CPU
		{0A58D1FE-7807-4DDC-A5EA-942632B79333}.Release|Any CPU.ActiveCfg = Release|Any CPU
		{0A58D1FE-7807-4DDC-A5EA-942632B79333}.Release|Any CPU.Build.0 = Release|Any CPU
		{A4586908-AC70-4A54-93FD-169DD3CE17F4}.Debug|Any CPU.ActiveCfg = Debug|Any CPU
		{A4586908-AC70-4A54-93FD-169DD3CE17F4}.Debug|Any CPU.Build.0 = Debug|Any CPU
		{A4586908-AC70-4A54-93FD-169DD3CE17F4}.Release|Any CPU.ActiveCfg = Release|Any CPU
		{A4586908-AC70-4A54-93FD-169DD3CE17F4}.Release|Any CPU.Build.0 = Release|Any CPU
		{6713C172-667B-4C9D-BF8A-1C56FD7868DB}.Debug|Any CPU.ActiveCfg = Debug|Any CPU
		{6713C172-667B-4C9D-BF8A-1C56FD7868DB}.Debug|Any CPU.Build.0 = Debug|Any CPU
		{6713C172-667B-4C9D-BF8A-1C56FD7868DB}.Release|Any CPU.ActiveCfg = Release|Any CPU
		{6713C172-667B-4C9D-BF8A-1C56FD7868DB}.Release|Any CPU.Build.0 = Release|Any CPU
		{B2E4EBE0-7E1E-4BF8-B3B4-C8481136E574}.Debug|Any CPU.ActiveCfg = Debug|Any CPU
		{B2E4EBE0-7E1E-4BF8-B3B4-C8481136E574}.Debug|Any CPU.Build.0 = Debug|Any CPU
		{B2E4EBE0-7E1E-4BF8-B3B4-C8481136E574}.Release|Any CPU.ActiveCfg = Release|Any CPU
		{B2E4EBE0-7E1E-4BF8-B3B4-C8481136E574}.Release|Any CPU.Build.0 = Release|Any CPU
		{950B28F3-3BD7-4116-81DD-F19CC1DAE867}.Debug|Any CPU.ActiveCfg = Debug|Any CPU
		{950B28F3-3BD7-4116-81DD-F19CC1DAE867}.Debug|Any CPU.Build.0 = Debug|Any CPU
		{950B28F3-3BD7-4116-81DD-F19CC1DAE867}.Release|Any CPU.ActiveCfg = Release|Any CPU
		{950B28F3-3BD7-4116-81DD-F19CC1DAE867}.Release|Any CPU.Build.0 = Release|Any CPU
		{29730C88-351A-4EA6-8724-B5ED5F153432}.Debug|Any CPU.ActiveCfg = Debug|Any CPU
		{29730C88-351A-4EA6-8724-B5ED5F153432}.Debug|Any CPU.Build.0 = Debug|Any CPU
		{29730C88-351A-4EA6-8724-B5ED5F153432}.Release|Any CPU.ActiveCfg = Release|Any CPU
		{29730C88-351A-4EA6-8724-B5ED5F153432}.Release|Any CPU.Build.0 = Release|Any CPU
	EndGlobalSection
	GlobalSection(SolutionProperties) = preSolution
		HideSolutionNode = FALSE
	EndGlobalSection
	GlobalSection(NestedProjects) = preSolution
		{D2CD3807-DE3F-4883-B547-B0CB0BF7F3CC} = {D697459D-7A66-425E-AB2E-E05AD523AE4E}
		{B28633E7-4E70-4237-BD03-685777D1820A} = {D2CD3807-DE3F-4883-B547-B0CB0BF7F3CC}
		{19C327AB-E656-4948-B14B-11E76930B13A} = {D2CD3807-DE3F-4883-B547-B0CB0BF7F3CC}
		{961148D5-80CC-41A6-A567-A6B356C8B744} = {D2CD3807-DE3F-4883-B547-B0CB0BF7F3CC}
		{F399C17E-EC56-456B-8EC9-BFC521809FA0} = {D2CD3807-DE3F-4883-B547-B0CB0BF7F3CC}
		{5534E251-41C7-4747-9EF5-7AD6B96207BE} = {D2CD3807-DE3F-4883-B547-B0CB0BF7F3CC}
		{1A12F23B-58C3-4C9B-83E4-7725BC2E340F} = {D2CD3807-DE3F-4883-B547-B0CB0BF7F3CC}
		{023466BD-D122-4502-AEE7-85D616EF6BA6} = {D2CD3807-DE3F-4883-B547-B0CB0BF7F3CC}
		{0F4377E2-919F-409A-A8AC-E2B3E8A1102A} = {D2CD3807-DE3F-4883-B547-B0CB0BF7F3CC}
		{1700F6F7-ECB5-4F23-BACF-8DEE33B279C5} = {D2CD3807-DE3F-4883-B547-B0CB0BF7F3CC}
		{212EF1BD-7987-43A9-AD2D-3D6D4786174C} = {D2CD3807-DE3F-4883-B547-B0CB0BF7F3CC}
		{63BF5B48-65F4-4926-83A6-88B5E8E7180E} = {D2CD3807-DE3F-4883-B547-B0CB0BF7F3CC}
		{3E96F75C-CA23-45A1-8848-05451A7E6A0A} = {87756CE5-97B8-4505-BC0A-E3AC1E85172F}
		{BDA37413-6D1E-4966-99C9-E7AFAFF44094} = {87756CE5-97B8-4505-BC0A-E3AC1E85172F}
		{E0DE7AA9-5CF9-4B4B-A9EE-624EE646C707} = {87756CE5-97B8-4505-BC0A-E3AC1E85172F}
		{0A58D1FE-7807-4DDC-A5EA-942632B79333} = {87756CE5-97B8-4505-BC0A-E3AC1E85172F}
		{A4586908-AC70-4A54-93FD-169DD3CE17F4} = {87756CE5-97B8-4505-BC0A-E3AC1E85172F}
		{6713C172-667B-4C9D-BF8A-1C56FD7868DB} = {87756CE5-97B8-4505-BC0A-E3AC1E85172F}
		{B2E4EBE0-7E1E-4BF8-B3B4-C8481136E574} = {87756CE5-97B8-4505-BC0A-E3AC1E85172F}
		{950B28F3-3BD7-4116-81DD-F19CC1DAE867} = {87756CE5-97B8-4505-BC0A-E3AC1E85172F}
		{29730C88-351A-4EA6-8724-B5ED5F153432} = {87756CE5-97B8-4505-BC0A-E3AC1E85172F}
	EndGlobalSection
	GlobalSection(ExtensibilityGlobals) = postSolution
		SolutionGuid = {AE5282DB-E141-4D9F-89B8-60808232D6E5}
	EndGlobalSection
EndGlobal
